Microsoft Visual Studio Solution File, Format Version 12.00
# Visual Studio Version 17
VisualStudioVersion = 17.5.2.0
MinimumVisualStudioVersion = 10.0.40219.1
Project("{FAE04EC0-301F-11D3-BF4B-00C04F79EFBC}") = "momo-wallet", "momo-wallet.csproj", "{5A4FFFC9-97AE-6473-3284-BAE1819FF237}"
EndProject
Global
	GlobalSection(SolutionConfigurationPlatforms) = preSolution
		Debug|Any CPU = Debug|Any CPU
		Release|Any CPU = Release|Any CPU
	EndGlobalSection
	GlobalSection(ProjectConfigurationPlatforms) = postSolution
		{5A4FFFC9-97AE-6473-3284-BAE1819FF237}.Debug|Any CPU.ActiveCfg = Debug|Any CPU
		{5A4FFFC9-97AE-6473-3284-BAE1819FF237}.Debug|Any CPU.Build.0 = Debug|Any CPU
		{5A4FFFC9-97AE-6473-3284-BAE1819FF237}.Release|Any CPU.ActiveCfg = Release|Any CPU
		{5A4FFFC9-97AE-6473-3284-BAE1819FF237}.Release|Any CPU.Build.0 = Release|Any CPU
	EndGlobalSection
	GlobalSection(SolutionProperties) = preSolution
		HideSolutionNode = FALSE
	EndGlobalSection
	GlobalSection(ExtensibilityGlobals) = postSolution
		SolutionGuid = {A84B19DF-218F-4181-968A-E36ED79906D3}
	EndGlobalSection
EndGlobal
